
Microsoft Visual Studio Solution File, Format Version 12.00
# Visual Studio Version 17
VisualStudioVersion = 17.5.33627.172
MinimumVisualStudioVersion = 10.0.40219.1
Project("{FAE04EC0-301F-11D3-BF4B-00C04F79EFBC}") = "Practical_13", "Practical_13.csproj", "{9CAD8FE4-9984-408B-900D-F51F79EA12CC}"
EndProject
Global
	GlobalSection(SolutionConfigurationPlatforms) = preSolution
		Debug|Any CPU = Debug|Any CPU
		Release|Any CPU = Release|Any CPU
	EndGlobalSection
	GlobalSection(ProjectConfigurationPlatforms) = postSolution
		{9CAD8FE4-9984-408B-900D-F51F79EA12CC}.Debug|Any CPU.ActiveCfg = Debug|Any CPU
		{9CAD8FE4-9984-408B-900D-F51F79EA12CC}.Debug|Any CPU.Build.0 = Debug|Any CPU
		{9CAD8FE4-9984-408B-900D-F51F79EA12CC}.Release|Any CPU.ActiveCfg = Release|Any CPU
		{9CAD8FE4-9984-408B-900D-F51F79EA12CC}.Release|Any CPU.Build.0 = Release|Any CPU
	EndGlobalSection
	GlobalSection(SolutionProperties) = preSolution
		HideSolutionNode = FALSE
	EndGlobalSection
	GlobalSection(ExtensibilityGlobals) = postSolution
		SolutionGuid = {7D49DD71-42CA-4EAE-9229-F05EB2077A93}
	EndGlobalSection
EndGlobal
